{
    "name": "DXApplication1",
    "version": "1.0.0",
    "lockfileVersion": 3,
    "requires": true,
    "packages": {
        "": {
            "name": "DXApplication1",
            "version": "1.0.0",
            "dependencies": {
                "@devexpress/analytics-core": "25.2-stable",
                "devexpress-dashboard": "25.2-stable",
                "devextreme-dist": "25.2-stable"
            }
        },
        "node_modules/@devexpress/analytics-core": {
            "version": "25.2.3",
            "resolved": "https://registry.npmjs.org/@devexpress/analytics-core/-/analytics-core-25.2.3.tgz",
            "integrity": "sha512-XR5Xvt+qYyWV5BLdLQHiFVgIP/hrg41nD4rE/wl1RhuXrbhz/RR/JxXR4rDOtLAszgp2ZPmpDAXR28ooR9S+Hw==",
            "license": "SEE LICENSE IN README.md",
            "dependencies": {
                "@types/jquery": "^3.1.1",
                "ace-builds": "^1.4.13",
                "jquery": "^3.1.1",
                "knockout": "~3.5.0"
            },
            "peerDependencies": {
                "devextreme": "25.2.3"
            }
        },
        "node_modules/@types/jquery": {
            "version": "3.5.33",
            "resolved": "https://registry.npmjs.org/@types/jquery/-/jquery-3.5.33.tgz",
            "integrity": "sha512-SeyVJXlCZpEki5F0ghuYe+L+PprQta6nRZqhONt9F13dWBtR/ftoaIbdRQ7cis7womE+X2LKhsDdDtkkDhJS6g==",
            "license": "MIT",
            "dependencies": {
                "@types/sizzle": "*"
            }
        },
        "node_modules/@types/sizzle": {
            "version": "2.3.10",
            "resolved": "https://registry.npmjs.org/@types/sizzle/-/sizzle-2.3.10.tgz",
            "integrity": "sha512-TC0dmN0K8YcWEAEfiPi5gJP14eJe30TTGjkvek3iM/1NdHHsdCA/Td6GvNndMOo/iSnIsZ4HuuhrYPDAmbxzww==",
            "license": "MIT"
        },
        "node_modules/ace-builds": {
            "version": "1.43.6",
            "resolved": "https://registry.npmjs.org/ace-builds/-/ace-builds-1.43.6.tgz",
            "integrity": "sha512-L1ddibQ7F3vyXR2k2fg+I8TQTPWVA6CKeDQr/h2+8CeyTp3W6EQL8xNFZRTztuP8xNOAqL3IYPqdzs31GCjDvg==",
            "license": "BSD-3-Clause"
        },
        "node_modules/devexpress-dashboard": {
            "version": "25.2.3",
            "resolved": "https://registry.npmjs.org/devexpress-dashboard/-/devexpress-dashboard-25.2.3.tgz",
            "integrity": "sha512-6v0FAXdG0eQ9wd01QkMPYxnqezZw3U4Y631ePEXU4R3g7k4MO3WQGJn0TAJQAnU/Y9w/ttTH0pGRffBMfVKo+Q==",
            "license": "SEE LICENSE IN README.md",
            "dependencies": {
                "@types/jquery": "^3.1.1",
                "jquery": "^3.1.1",
                "knockout": "~3.5.0"
            },
            "peerDependencies": {
                "@devexpress/analytics-core": "25.2.3",
                "devexpress-richedit": "25.2.3",
                "devextreme": "25.2.3"
            }
        },
        "node_modules/devextreme-dist": {
            "version": "25.2.3",
            "resolved": "https://registry.npmjs.org/devextreme-dist/-/devextreme-dist-25.2.3.tgz",
            "integrity": "sha512-H40JgZYW+zzIshUbo54ztpqWyRcrw2FCQpeb9KRf27XWNuXUnv0W14ujA09bMv8BrPHUPPzX9z6n/OwSTB+m4A=="
        },
        "node_modules/jquery": {
            "version": "3.7.1",
            "resolved": "https://registry.npmjs.org/jquery/-/jquery-3.7.1.tgz",
            "integrity": "sha512-m4avr8yL8kmFN8psrbFFFmB/If14iN5o9nw/NgnnM+kybDJpRsAynV2BsfpTYrTRysYUdADVD7CkUUizgkpLfg==",
            "license": "MIT"
        },
        "node_modules/knockout": {
            "version": "3.5.1",
            "resolved": "https://registry.npmjs.org/knockout/-/knockout-3.5.1.tgz",
            "integrity": "sha512-wRJ9I4az0QcsH7A4v4l0enUpkS++MBx0BnL/68KaLzJg7x1qmbjSlwEoCNol7KTYZ+pmtI7Eh2J0Nu6/2Z5J/Q==",
            "license": "MIT"
        }
    }
}
